// !$*UTF8*$!
{
	archiveVersion = 1;
	classes = {
	};
	objectVersion = 56;
	objects = {

/* Begin PBXBuildFile section */
		2E525ABA2AE1CBF800579E72 /* AppDelegate.swift in Sources */ = {isa = PBXBuildFile; fileRef = 2E525AB92AE1CBF800579E72 /* AppDelegate.swift */; };
		2E525ABC2AE1CBF800579E72 /* SceneDelegate.swift in Sources */ = {isa = PBXBuildFile; fileRef = 2E525ABB2AE1CBF800579E72 /* SceneDelegate.swift */; };
		2E525ABE2AE1CBF800579E72 /* ViewController.swift in Sources */ = {isa = PBXBuildFile; fileRef = 2E525ABD2AE1CBF800579E72 /* ViewController.swift */; };
		2E525AC12AE1CBF800579E72 /* Main.storyboard in Resources */ = {isa = PBXBuildFile; fileRef = 2E525ABF2AE1CBF800579E72 /* Main.storyboard */; };
		2E525AC32AE1CBF800579E72 /* Assets.xcassets in Resources */ = {isa = PBXBuildFile; fileRef = 2E525AC22AE1CBF800579E72 /* Assets.xcassets */; };
		2E525AC62AE1CBF800579E72 /* LaunchScreen.storyboard in Resources */ = {isa = PBXBuildFile; fileRef = 2E525AC42AE1CBF800579E72 /* LaunchScreen.storyboard */; };
		2E525AD12AE1CBF800579E72 /* data_structuresTests.swift in Sources */ = {isa = PBXBuildFile; fileRef = 2E525AD02AE1CBF800579E72 /* data_structuresTests.swift */; };
		2E525ADB2AE1CBF900579E72 /* data_structuresUITests.swift in Sources */ = {isa = PBXBuildFile; fileRef = 2E525ADA2AE1CBF900579E72 /* data_structuresUITests.swift */; };
		2E525ADD2AE1CBF900579E72 /* data_structuresUITestsLaunchTests.swift in Sources */ = {isa = PBXBuildFile; fileRef = 2E525ADC2AE1CBF900579E72 /* data_structuresUITestsLaunchTests.swift */; };
/* End PBXBuildFile section */

/* Begin PBXContainerItemProxy section */
		2E525ACD2AE1CBF800579E72 /* PBXContainerItemProxy */ = {
			isa = PBXContainerItemProxy;
			containerPortal = 2E525AAE2AE1CBF800579E72 /* Project object */;
			proxyType = 1;
			remoteGlobalIDString = 2E525AB52AE1CBF800579E72;
			remoteInfo = "data-structures";
		};
		2E525AD72AE1CBF900579E72 /* PBXContainerItemProxy */ = {
			isa = PBXContainerItemProxy;
			containerPortal = 2E525AAE2AE1CBF800579E72 /* Project object */;
			proxyType = 1;
			remoteGlobalIDString = 2E525AB52AE1CBF800579E72;
			remoteInfo = "data-structures";
		};
/* End PBXContainerItemProxy section */

/* Begin PBXFileReference section */
		2E525AB62AE1CBF800579E72 /* data-structures.app */ = {isa = PBXFileReference; explicitFileType = wrapper.application; includeInIndex = 0; path = "data-structures.app"; sourceTree = BUILT_PRODUCTS_DIR; };
		2E525AB92AE1CBF800579E72 /* AppDelegate.swift */ = {isa = PBXFileReference; lastKnownFileType = sourcecode.swift; path = AppDelegate.swift; sourceTree = "<group>"; };
		2E525ABB2AE1CBF800579E72 /* SceneDelegate.swift */ = {isa = PBXFileReference; lastKnownFileType = sourcecode.swift; path = SceneDelegate.swift; sourceTree = "<group>"; };
		2E525ABD2AE1CBF800579E72 /* ViewController.swift */ = {isa = PBXFileReference; lastKnownFileType = sourcecode.swift; path = ViewController.swift; sourceTree = "<group>"; };
		2E525AC02AE1CBF800579E72 /* Base */ = {isa = PBXFileReference; lastKnownFileType = file.storyboard; name = Base; path = Base.lproj/Main.storyboard; sourceTree = "<group>"; };
		2E525AC22AE1CBF800579E72 /* Assets.xcassets */ = {isa = PBXFileReference; lastKnownFileType = folder.assetcatalog; path = Assets.xcassets; sourceTree = "<group>"; };
		2E525AC52AE1CBF800579E72 /* Base */ = {isa = PBXFileReference; lastKnownFileType = file.storyboard; name = Base; path = Base.lproj/LaunchScreen.storyboard; sourceTree = "<group>"; };
		2E525AC72AE1CBF800579E72 /* Info.plist */ = {isa = PBXFileReference; lastKnownFileType = text.plist.xml; path = Info.plist; sourceTree = "<group>"; };
		2E525ACC2AE1CBF800579E72 /* data-structuresTests.xctest */ = {isa = PBXFileReference; explicitFileType = wrapper.cfbundle; includeInIndex = 0; path = "data-structuresTests.xctest"; sourceTree = BUILT_PRODUCTS_DIR; };
		2E525AD02AE1CBF800579E72 /* data_structuresTests.swift */ = {isa = PBXFileReference; lastKnownFileType = sourcecode.swift; path = data_structuresTests.swift; sourceTree = "<group>"; };
		2E525AD62AE1CBF900579E72 /* data-structuresUITests.xctest */ = {isa = PBXFileReference; explicitFileType = wrapper.cfbundle; includeInIndex = 0; path = "data-structuresUITests.xctest"; sourceTree = BUILT_PRODUCTS_DIR; };
		2E525ADA2AE1CBF900579E72 /* data_structuresUITests.swift */ = {isa = PBXFileReference; lastKnownFileType = sourcecode.swift; path = data_structuresUITests.swift; sourceTree = "<group>"; };
		2E525ADC2AE1CBF900579E72 /* data_structuresUITestsLaunchTests.swift */ = {isa = PBXFileReference; lastKnownFileType = sourcecode.swift; path = data_structuresUITestsLaunchTests.swift; sourceTree = "<group>"; };
		2E525AE92AE1CC1300579E72 /* Stacks.playground */ = {isa = PBXFileReference; lastKnownFileType = file.playground; name = Stacks.playground; path = ../Stacks.playground; sourceTree = "<group>"; xcLanguageSpecificationIdentifier = xcode.lang.swift; };
/* End PBXFileReference section */

/* Begin PBXFrameworksBuildPhase section */
		2E525AB32AE1CBF800579E72 /* Frameworks */ = {
			isa = PBXFrameworksBuildPhase;
			buildActionMask = 2147483647;
			files = (
			);
			runOnlyForDeploymentPostprocessing = 0;
		};
		2E525AC92AE1CBF800579E72 /* Frameworks */ = {
			isa = PBXFrameworksBuildPhase;
			buildActionMask = 2147483647;
			files = (
			);
			runOnlyForDeploymentPostprocessing = 0;
		};
		2E525AD32AE1CBF900579E72 /* Frameworks */ = {
			isa = PBXFrameworksBuildPhase;
			buildActionMask = 2147483647;
			files = (
			);
			runOnlyForDeploymentPostprocessing = 0;
		};
/* End PBXFrameworksBuildPhase section */

/* Begin PBXGroup section */
		2E525AAD2AE1CBF800579E72 = {
			isa = PBXGroup;
			children = (
				2E525AE92AE1CC1300579E72 /* Stacks.playground */,
				2E525AB82AE1CBF800579E72 /* data-structures */,
				2E525ACF2AE1CBF800579E72 /* data-structuresTests */,
				2E525AD92AE1CBF900579E72 /* data-structuresUITests */,
				2E525AB72AE1CBF800579E72 /* Products */,
			);
			sourceTree = "<group>";
		};
		2E525AB72AE1CBF800579E72 /* Products */ = {
			isa = PBXGroup;
			children = (
				2E525AB62AE1CBF800579E72 /* data-structures.app */,
				2E525ACC2AE1CBF800579E72 /* data-structuresTests.xctest */,
				2E525AD62AE1CBF900579E72 /* data-structuresUITests.xctest */,
			);
			name = Products;
			sourceTree = "<group>";
		};
		2E525AB82AE1CBF800579E72 /* data-structures */ = {
			isa = PBXGroup;
			children = (
				2E525AB92AE1CBF800579E72 /* AppDelegate.swift */,
				2E525ABB2AE1CBF800579E72 /* SceneDelegate.swift */,
				2E525ABD2AE1CBF800579E72 /* ViewController.swift */,
				2E525ABF2AE1CBF800579E72 /* Main.storyboard */,
				2E525AC22AE1CBF800579E72 /* Assets.xcassets */,
				2E525AC42AE1CBF800579E72 /* LaunchScreen.storyboard */,
				2E525AC72AE1CBF800579E72 /* Info.plist */,
			);
			path = "data-structures";
			sourceTree = "<group>";
		};
		2E525ACF2AE1CBF800579E72 /* data-structuresTests */ = {
			isa = PBXGroup;
			children = (
				2E525AD02AE1CBF800579E72 /* data_structuresTests.swift */,
			);
			path = "data-structuresTests";
			sourceTree = "<group>";
		};
		2E525AD92AE1CBF900579E72 /* data-structuresUITests */ = {
			isa = PBXGroup;
			children = (
				2E525ADA2AE1CBF900579E72 /* data_structuresUITests.swift */,
				2E525ADC2AE1CBF900579E72 /* data_structuresUITestsLaunchTests.swift */,
			);
			path = "data-structuresUITests";
			sourceTree = "<group>";
		};
/* End PBXGroup section */

/* Begin PBXNativeTarget section */
		2E525AB52AE1CBF800579E72 /* data-structures */ = {
			isa = PBXNativeTarget;
			buildConfigurationList = 2E525AE02AE1CBF900579E72 /* Build configuration list for PBXNativeTarget "data-structures" */;
			buildPhases = (
				2E525AB22AE1CBF800579E72 /* Sources */,
				2E525AB32AE1CBF800579E72 /* Frameworks */,
				2E525AB42AE1CBF800579E72 /* Resources */,
			);
			buildRules = (
			);
			dependencies = (
			);
			name = "data-structures";
			productName = "data-structures";
			productReference = 2E525AB62AE1CBF800579E72 /* data-structures.app */;
			productType = "com.apple.product-type.application";
		};
		2E525ACB2AE1CBF800579E72 /* data-structuresTests */ = {
			isa = PBXNativeTarget;
			buildConfigurationList = 2E525AE32AE1CBF900579E72 /* Build configuration list for PBXNativeTarget "data-structuresTests" */;
			buildPhases = (
				2E525AC82AE1CBF800579E72 /* Sources */,
				2E525AC92AE1CBF800579E72 /* Frameworks */,
				2E525ACA2AE1CBF800579E72 /* Resources */,
			);
			buildRules = (
			);
			dependencies = (
				2E525ACE2AE1CBF800579E72 /* PBXTargetDependency */,
			);
			name = "data-structuresTests";
			productName = "data-structuresTests";
			productReference = 2E525ACC2AE1CBF800579E72 /* data-structuresTests.xctest */;
			productType = "com.apple.product-type.bundle.unit-test";
		};
		2E525AD52AE1CBF900579E72 /* data-structuresUITests */ = {
			isa = PBXNativeTarget;
			buildConfigurationList = 2E525AE62AE1CBF900579E72 /* Build configuration list for PBXNativeTarget "data-structuresUITests" */;
			buildPhases = (
				2E525AD22AE1CBF900579E72 /* Sources */,
				2E525AD32AE1CBF900579E72 /* Frameworks */,
				2E525AD42AE1CBF900579E72 /* Resources */,
			);
			buildRules = (
			);
			dependencies = (
				2E525AD82AE1CBF900579E72 /* PBXTargetDependency */,
			);
			name = "data-structuresUITests";
			productName = "data-structuresUITests";
			productReference = 2E525AD62AE1CBF900579E72 /* data-structuresUITests.xctest */;
			productType = "com.apple.product-type.bundle.ui-testing";
		};
/* End PBXNativeTarget section */

/* Begin PBXProject section */
		2E525AAE2AE1CBF800579E72 /* Project object */ = {
			isa = PBXProject;
			attributes = {
				BuildIndependentTargetsInParallel = 1;
				LastSwiftUpdateCheck = 1500;
				LastUpgradeCheck = 1500;
				TargetAttributes = {
					2E525AB52AE1CBF800579E72 = {
						CreatedOnToolsVersion = 15.0;
					};
					2E525ACB2AE1CBF800579E72 = {
						CreatedOnToolsVersion = 15.0;
						TestTargetID = 2E525AB52AE1CBF800579E72;
					};
					2E525AD52AE1CBF900579E72 = {
						CreatedOnToolsVersion = 15.0;
						TestTargetID = 2E525AB52AE1CBF800579E72;
					};
				};
			};
			buildConfigurationList = 2E525AB12AE1CBF800579E72 /* Build configuration list for PBXProject "data-structures" */;
			compatibilityVersion = "Xcode 14.0";
			developmentRegion = en;
			hasScannedForEncodings = 0;
			knownRegions = (
				en,
				Base,
			);
			mainGroup = 2E525AAD2AE1CBF800579E72;
			productRefGroup = 2E525AB72AE1CBF800579E72 /* Products */;
			projectDirPath = "";
			projectRoot = "";
			targets = (
				2E525AB52AE1CBF800579E72 /* data-structures */,
				2E525ACB2AE1CBF800579E72 /* data-structuresTests */,
				2E525AD52AE1CBF900579E72 /* data-structuresUITests */,
			);
		};
/* End PBXProject section */

/* Begin PBXResourcesBuildPhase section */
		2E525AB42AE1CBF800579E72 /* Resources */ = {
			isa = PBXResourcesBuildPhase;
			buildActionMask = 2147483647;
			files = (
				2E525AC62AE1CBF800579E72 /* LaunchScreen.storyboard in Resources */,
				2E525AC32AE1CBF800579E72 /* Assets.xcassets in Resources */,
				2E525AC12AE1CBF800579E72 /* Main.storyboard in Resources */,
			);
			runOnlyForDeploymentPostprocessing = 0;
		};
		2E525ACA2AE1CBF800579E72 /* Resources */ = {
			isa = PBXResourcesBuildPhase;
			buildActionMask = 2147483647;
			files = (
			);
			runOnlyForDeploymentPostprocessing = 0;
		};
		2E525AD42AE1CBF900579E72 /* Resources */ = {
			isa = PBXResourcesBuildPhase;
			buildActionMask = 2147483647;
			files = (
			);
			runOnlyForDeploymentPostprocessing = 0;
		};
/* End PBXResourcesBuildPhase section */

/* Begin PBXSourcesBuildPhase section */
		2E525AB22AE1CBF800579E72 /* Sources */ = {
			isa = PBXSourcesBuildPhase;
			buildActionMask = 2147483647;
			files = (
				2E525ABE2AE1CBF800579E72 /* ViewController.swift in Sources */,
				2E525ABA2AE1CBF800579E72 /* AppDelegate.swift in Sources */,
				2E525ABC2AE1CBF800579E72 /* SceneDelegate.swift in Sources */,
			);
			runOnlyForDeploymentPostprocessing = 0;
		};
		2E525AC82AE1CBF800579E72 /* Sources */ = {
			isa = PBXSourcesBuildPhase;
			buildActionMask = 2147483647;
			files = (
				2E525AD12AE1CBF800579E72 /* data_structuresTests.swift in Sources */,
			);
			runOnlyForDeploymentPostprocessing = 0;
		};
		2E525AD22AE1CBF900579E72 /* Sources */ = {
			isa = PBXSourcesBuildPhase;
			buildActionMask = 2147483647;
			files = (
				2E525ADD2AE1CBF900579E72 /* data_structuresUITestsLaunchTests.swift in Sources */,
				2E525ADB2AE1CBF900579E72 /* data_structuresUITests.swift in Sources */,
			);
			runOnlyForDeploymentPostprocessing = 0;
		};
/* End PBXSourcesBuildPhase section */

/* Begin PBXTargetDependency section */
		2E525ACE2AE1CBF800579E72 /* PBXTargetDependency */ = {
			isa = PBXTargetDependency;
			target = 2E525AB52AE1CBF800579E72 /* data-structures */;
			targetProxy = 2E525ACD2AE1CBF800579E72 /* PBXContainerItemProxy */;
		};
		2E525AD82AE1CBF900579E72 /* PBXTargetDependency */ = {
			isa = PBXTargetDependency;
			target = 2E525AB52AE1CBF800579E72 /* data-structures */;
			targetProxy = 2E525AD72AE1CBF900579E72 /* PBXContainerItemProxy */;
		};
/* End PBXTargetDependency section */

/* Begin PBXVariantGroup section */
		2E525ABF2AE1CBF800579E72 /* Main.storyboard */ = {
			isa = PBXVariantGroup;
			children = (
				2E525AC02AE1CBF800579E72 /* Base */,
			);
			name = Main.storyboard;
			sourceTree = "<group>";
		};
		2E525AC42AE1CBF800579E72 /* LaunchScreen.storyboard */ = {
			isa = PBXVariantGroup;
			children = (
				2E525AC52AE1CBF800579E72 /* Base */,
			);
			name = LaunchScreen.storyboard;
			sourceTree = "<group>";
		};
/* End PBXVariantGroup section */

/* Begin XCBuildConfiguration section */
		2E525ADE2AE1CBF900579E72 /* Debug */ = {
			isa = XCBuildConfiguration;
			buildSettings = {
				ALWAYS_SEARCH_USER_PATHS = NO;
				ASSETCATALOG_COMPILER_GENERATE_SWIFT_ASSET_SYMBOL_EXTENSIONS = YES;
				CLANG_ANALYZER_NONNULL = YES;
				CLANG_ANALYZER_NUMBER_OBJECT_CONVERSION = YES_AGGRESSIVE;
				CLANG_CXX_LANGUAGE_STANDARD = "gnu++20";
				CLANG_ENABLE_MODULES = YES;
				CLANG_ENABLE_OBJC_ARC = YES;
				CLANG_ENABLE_OBJC_WEAK = YES;
				CLANG_WARN_BLOCK_CAPTURE_AUTORELEASING = YES;
				CLANG_WARN_BOOL_CONVERSION = YES;
				CLANG_WARN_COMMA = YES;
				CLANG_WARN_CONSTANT_CONVERSION = YES;
				CLANG_WARN_DEPRECATED_OBJC_IMPLEMENTATIONS = YES;
				CLANG_WARN_DIRECT_OBJC_ISA_USAGE = YES_ERROR;
				CLANG_WARN_DOCUMENTATION_COMMENTS = YES;
				CLANG_WARN_EMPTY_BODY = YES;
				CLANG_WARN_ENUM_CONVERSION = YES;
				CLANG_WARN_INFINITE_RECURSION = YES;
				CLANG_WARN_INT_CONVERSION = YES;
				CLANG_WARN_NON_LITERAL_NULL_CONVERSION = YES;
				CLANG_WARN_OBJC_IMPLICIT_RETAIN_SELF = YES;
				CLANG_WARN_OBJC_LITERAL_CONVERSION = YES;
				CLANG_WARN_OBJC_ROOT_CLASS = YES_ERROR;
				CLANG_WARN_QUOTED_INCLUDE_IN_FRAMEWORK_HEADER = YES;
				CLANG_WARN_RANGE_LOOP_ANALYSIS = YES;
				CLANG_WARN_STRICT_PROTOTYPES = YES;
				CLANG_WARN_SUSPICIOUS_MOVE = YES;
				CLANG_WARN_UNGUARDED_AVAILABILITY = YES_AGGRESSIVE;
				CLANG_WARN_UNREACHABLE_CODE = YES;
				CLANG_WARN__DUPLICATE_METHOD_MATCH = YES;
				COPY_PHASE_STRIP = NO;
				DEBUG_INFORMATION_FORMAT = dwarf;
				ENABLE_STRICT_OBJC_MSGSEND = YES;
				ENABLE_TESTABILITY = YES;
				ENABLE_USER_SCRIPT_SANDBOXING = YES;
				GCC_C_LANGUAGE_STANDARD = gnu17;
				GCC_DYNAMIC_NO_PIC = NO;
				GCC_NO_COMMON_BLOCKS = YES;
				GCC_OPTIMIZATION_LEVEL = 0;
				GCC_PREPROCESSOR_DEFINITIONS = (
					"DEBUG=1",
					"$(inherited)",
				);
				GCC_WARN_64_TO_32_BIT_CONVERSION = YES;
				GCC_WARN_ABOUT_RETURN_TYPE = YES_ERROR;
				GCC_WARN_UNDECLARED_SELECTOR = YES;
				GCC_WARN_UNINITIALIZED_AUTOS = YES_AGGRESSIVE;
				GCC_WARN_UNUSED_FUNCTION = YES;
				GCC_WARN_UNUSED_VARIABLE = YES;
				IPHONEOS_DEPLOYMENT_TARGET = 17.0;
				LOCALIZATION_PREFERS_STRING_CATALOGS = YES;
				MTL_ENABLE_DEBUG_INFO = INCLUDE_SOURCE;
				MTL_FAST_MATH = YES;
				ONLY_ACTIVE_ARCH = YES;
				SDKROOT = iphoneos;
				SWIFT_ACTIVE_COMPILATION_CONDITIONS = "DEBUG $(inherited)";
				SWIFT_OPTIMIZATION_LEVEL = "-Onone";
			};
			name = Debug;
		};
		2E525ADF2AE1CBF900579E72 /* Release */ = {
			isa = XCBuildConfiguration;
			buildSettings = {
				ALWAYS_SEARCH_USER_PATHS = NO;
				ASSETCATALOG_COMPILER_GENERATE_SWIFT_ASSET_SYMBOL_EXTENSIONS = YES;
				CLANG_ANALYZER_NONNULL = YES;
				CLANG_ANALYZER_NUMBER_OBJECT_CONVERSION = YES_AGGRESSIVE;
				CLANG_CXX_LANGUAGE_STANDARD = "gnu++20";
				CLANG_ENABLE_MODULES = YES;
				CLANG_ENABLE_OBJC_ARC = YES;
				CLANG_ENABLE_OBJC_WEAK = YES;
				CLANG_WARN_BLOCK_CAPTURE_AUTORELEASING = YES;
				CLANG_WARN_BOOL_CONVERSION = YES;
				CLANG_WARN_COMMA = YES;
				CLANG_WARN_CONSTANT_CONVERSION = YES;
				CLANG_WARN_DEPRECATED_OBJC_IMPLEMENTATIONS = YES;
				CLANG_WARN_DIRECT_OBJC_ISA_USAGE = YES_ERROR;
				CLANG_WARN_DOCUMENTATION_COMMENTS = YES;
				CLANG_WARN_EMPTY_BODY = YES;
				CLANG_WARN_ENUM_CONVERSION = YES;
				CLANG_WARN_INFINITE_RECURSION = YES;
				CLANG_WARN_INT_CONVERSION = YES;
				CLANG_WARN_NON_LITERAL_NULL_CONVERSION = YES;
				CLANG_WARN_OBJC_IMPLICIT_RETAIN_SELF = YES;
				CLANG_WARN_OBJC_LITERAL_CONVERSION = YES;
				CLANG_WARN_OBJC_ROOT_CLASS = YES_ERROR;
				CLANG_WARN_QUOTED_INCLUDE_IN_FRAMEWORK_HEADER = YES;
				CLANG_WARN_RANGE_LOOP_ANALYSIS = YES;
				CLANG_WARN_STRICT_PROTOTYPES = YES;
				CLANG_WARN_SUSPICIOUS_MOVE = YES;
				CLANG_WARN_UNGUARDED_AVAILABILITY = YES_AGGRESSIVE;
				CLANG_WARN_UNREACHABLE_CODE = YES;
				CLANG_WARN__DUPLICATE_METHOD_MATCH = YES;
				COPY_PHASE_STRIP = NO;
				DEBUG_INFORMATION_FORMAT = "dwarf-with-dsym";
				ENABLE_NS_ASSERTIONS = NO;
				ENABLE_STRICT_OBJC_MSGSEND = YES;
				ENABLE_USER_SCRIPT_SANDBOXING = YES;
				GCC_C_LANGUAGE_STANDARD = gnu17;
				GCC_NO_COMMON_BLOCKS = YES;
				GCC_WARN_64_TO_32_BIT_CONVERSION = YES;
				GCC_WARN_ABOUT_RETURN_TYPE = YES_ERROR;
				GCC_WARN_UNDECLARED_SELECTOR = YES;
				GCC_WARN_UNINITIALIZED_AUTOS = YES_AGGRESSIVE;
				GCC_WARN_UNUSED_FUNCTION = YES;
				GCC_WARN_UNUSED_VARIABLE = YES;
				IPHONEOS_DEPLOYMENT_TARGET = 17.0;
				LOCALIZATION_PREFERS_STRING_CATALOGS = YES;
				MTL_ENABLE_DEBUG_INFO = NO;
				MTL_FAST_MATH = YES;
				SDKROOT = iphoneos;
				SWIFT_COMPILATION_MODE = wholemodule;
				VALIDATE_PRODUCT = YES;
			};
			name = Release;
		};
		2E525AE12AE1CBF900579E72 /* Debug */ = {
			isa = XCBuildConfiguration;
			buildSettings = {
				ASSETCATALOG_COMPILER_APPICON_NAME = AppIcon;
				ASSETCATALOG_COMPILER_GLOBAL_ACCENT_COLOR_NAME = AccentColor;
				CODE_SIGN_STYLE = Automatic;
				CURRENT_PROJECT_VERSION = 1;
				GENERATE_INFOPLIST_FILE = YES;
				INFOPLIST_FILE = "data-structures/Info.plist";
				INFOPLIST_KEY_UIApplicationSupportsIndirectInputEvents = YES;
				INFOPLIST_KEY_UILaunchStoryboardName = LaunchScreen;
				INFOPLIST_KEY_UIMainStoryboardFile = Main;
				INFOPLIST_KEY_UISupportedInterfaceOrientations_iPad = "UIInterfaceOrientationPortrait UIInterfaceOrientationPortraitUpsideDown UIInterfaceOrientationLandscapeLeft UIInterfaceOrientationLandscapeRight";
				INFOPLIST_KEY_UISupportedInterfaceOrientations_iPhone = "UIInterfaceOrientationPortrait UIInterfaceOrientationLandscapeLeft UIInterfaceOrientationLandscapeRight";
				LD_RUNPATH_SEARCH_PATHS = (
					"$(inherited)",
					"@executable_path/Frameworks",
				);
				MARKETING_VERSION = 1.0;
				PRODUCT_BUNDLE_IDENTIFIER = "software.mms.data-structures";
				PRODUCT_NAME = "$(TARGET_NAME)";
				SWIFT_EMIT_LOC_STRINGS = YES;
				SWIFT_VERSION = 5.0;
				TARGETED_DEVICE_FAMILY = "1,2";
			};
			name = Debug;
		};
		2E525AE22AE1CBF900579E72 /* Release */ = {
			isa = XCBuildConfiguration;
			buildSettings = {
				ASSETCATALOG_COMPILER_APPICON_NAME = AppIcon;
				ASSETCATALOG_COMPILER_GLOBAL_ACCENT_COLOR_NAME = AccentColor;
				CODE_SIGN_STYLE = Automatic;
				CURRENT_PROJECT_VERSION = 1;
				GENERATE_INFOPLIST_FILE = YES;
				INFOPLIST_FILE = "data-structures/Info.plist";
				INFOPLIST_KEY_UIApplicationSupportsIndirectInputEvents = YES;
				INFOPLIST_KEY_UILaunchStoryboardName = LaunchScreen;
				INFOPLIST_KEY_UIMainStoryboardFile = Main;
				INFOPLIST_KEY_UISupportedInterfaceOrientations_iPad = "UIInterfaceOrientationPortrait UIInterfaceOrientationPortraitUpsideDown UIInterfaceOrientationLandscapeLeft UIInterfaceOrientationLandscapeRight";
				INFOPLIST_KEY_UISupportedInterfaceOrientations_iPhone = "UIInterfaceOrientationPortrait UIInterfaceOrientationLandscapeLeft UIInterfaceOrientationLandscapeRight";
				LD_RUNPATH_SEARCH_PATHS = (
					"$(inherited)",
					"@executable_path/Frameworks",
				);
				MARKETING_VERSION = 1.0;
				PRODUCT_BUNDLE_IDENTIFIER = "software.mms.data-structures";
				PRODUCT_NAME = "$(TARGET_NAME)";
				SWIFT_EMIT_LOC_STRINGS = YES;
				SWIFT_VERSION = 5.0;
				TARGETED_DEVICE_FAMILY = "1,2";
			};
			name = Release;
		};
		2E525AE42AE1CBF900579E72 /* Debug */ = {
			isa = XCBuildConfiguration;
			buildSettings = {
				ALWAYS_EMBED_SWIFT_STANDARD_LIBRARIES = YES;
				BUNDLE_LOADER = "$(TEST_HOST)";
				CODE_SIGN_STYLE = Automatic;
				CURRENT_PROJECT_VERSION = 1;
				GENERATE_INFOPLIST_FILE = YES;
				IPHONEOS_DEPLOYMENT_TARGET = 17.0;
				MARKETING_VERSION = 1.0;
				PRODUCT_BUNDLE_IDENTIFIER = "software.mms.data-structuresTests";
				PRODUCT_NAME = "$(TARGET_NAME)";
				SWIFT_EMIT_LOC_STRINGS = NO;
				SWIFT_VERSION = 5.0;
				TARGETED_DEVICE_FAMILY = "1,2";
				TEST_HOST = "$(BUILT_PRODUCTS_DIR)/data-structures.app/$(BUNDLE_EXECUTABLE_FOLDER_PATH)/data-structures";
			};
			name = Debug;
		};
		2E525AE52AE1CBF900579E72 /* Release */ = {
			isa = XCBuildConfiguration;
			buildSettings = {
				ALWAYS_EMBED_SWIFT_STANDARD_LIBRARIES = YES;
				BUNDLE_LOADER = "$(TEST_HOST)";
				CODE_SIGN_STYLE = Automatic;
				CURRENT_PROJECT_VERSION = 1;
				GENERATE_INFOPLIST_FILE = YES;
				IPHONEOS_DEPLOYMENT_TARGET = 17.0;
				MARKETING_VERSION = 1.0;
				PRODUCT_BUNDLE_IDENTIFIER = "software.mms.data-structuresTests";
				PRODUCT_NAME = "$(TARGET_NAME)";
				SWIFT_EMIT_LOC_STRINGS = NO;
				SWIFT_VERSION = 5.0;
				TARGETED_DEVICE_FAMILY = "1,2";
				TEST_HOST = "$(BUILT_PRODUCTS_DIR)/data-structures.app/$(BUNDLE_EXECUTABLE_FOLDER_PATH)/data-structures";
			};
			name = Release;
		};
		2E525AE72AE1CBF900579E72 /* Debug */ = {
			isa = XCBuildConfiguration;
			buildSettings = {
				ALWAYS_EMBED_SWIFT_STANDARD_LIBRARIES = YES;
				CODE_SIGN_STYLE = Automatic;
				CURRENT_PROJECT_VERSION = 1;
				GENERATE_INFOPLIST_FILE = YES;
				MARKETING_VERSION = 1.0;
				PRODUCT_BUNDLE_IDENTIFIER = "software.mms.data-structuresUITests";
				PRODUCT_NAME = "$(TARGET_NAME)";
				SWIFT_EMIT_LOC_STRINGS = NO;
				SWIFT_VERSION = 5.0;
				TARGETED_DEVICE_FAMILY = "1,2";
				TEST_TARGET_NAME = "data-structures";
			};
			name = Debug;
		};
		2E525AE82AE1CBF900579E72 /* Release */ = {
			isa = XCBuildConfiguration;
			buildSettings = {
				ALWAYS_EMBED_SWIFT_STANDARD_LIBRARIES = YES;
				CODE_SIGN_STYLE = Automatic;
				CURRENT_PROJECT_VERSION = 1;
				GENERATE_INFOPLIST_FILE = YES;
				MARKETING_VERSION = 1.0;
				PRODUCT_BUNDLE_IDENTIFIER = "software.mms.data-structuresUITests";
				PRODUCT_NAME = "$(TARGET_NAME)";
				SWIFT_EMIT_LOC_STRINGS = NO;
				SWIFT_VERSION = 5.0;
				TARGETED_DEVICE_FAMILY = "1,2";
				TEST_TARGET_NAME = "data-structures";
			};
			name = Release;
		};
/* End XCBuildConfiguration section */

/* Begin XCConfigurationList section */
		2E525AB12AE1CBF800579E72 /* Build configuration list for PBXProject "data-structures" */ = {
			isa = XCConfigurationList;
			buildConfigurations = (
				2E525ADE2AE1CBF900579E72 /* Debug */,
				2E525ADF2AE1CBF900579E72 /* Release */,
			);
			defaultConfigurationIsVisible = 0;
			defaultConfigurationName = Release;
		};
		2E525AE02AE1CBF900579E72 /* Build configuration list for PBXNativeTarget "data-structures" */ = {
			isa = XCConfigurationList;
			buildConfigurations = (
				2E525AE12AE1CBF900579E72 /* Debug */,
				2E525AE22AE1CBF900579E72 /* Release */,
			);
			defaultConfigurationIsVisible = 0;
			defaultConfigurationName = Release;
		};
		2E525AE32AE1CBF900579E72 /* Build configuration list for PBXNativeTarget "data-structuresTests" */ = {
			isa = XCConfigurationList;
			buildConfigurations = (
				2E525AE42AE1CBF900579E72 /* Debug */,
				2E525AE52AE1CBF900579E72 /* Release */,
			);
			defaultConfigurationIsVisible = 0;
			defaultConfigurationName = Release;
		};
		2E525AE62AE1CBF900579E72 /* Build configuration list for PBXNativeTarget "data-structuresUITests" */ = {
			isa = XCConfigurationList;
			buildConfigurations = (
				2E525AE72AE1CBF900579E72 /* Debug */,
				2E525AE82AE1CBF900579E72 /* Release */,
			);
			defaultConfigurationIsVisible = 0;
			defaultConfigurationName = Release;
		};
/* End XCConfigurationList section */
	};
	rootObject = 2E525AAE2AE1CBF800579E72 /* Project object */;
}
